
Microsoft Visual Studio Solution File, Format Version 12.00
# Visual Studio 2013
Project("{FAE04EC0-301F-11D3-BF4B-00C04F79EFBC}") = "VS.DiffAllFiles", "VS.DiffAllFiles\VS.DiffAllFiles.csproj", "{992757D4-23CF-434A-802B-6A615706557C}"
EndProject
Project("{FAE04EC0-301F-11D3-BF4B-00C04F79EFBC}") = "VS.DiffAllFiles.VS2013", "VS.DiffAllFiles.VS2013\VS.DiffAllFiles.VS2013.csproj", "{6866E48D-5C77-476B-8CB3-9EAC0CE71BFF}"
EndProject
Project("{FAE04EC0-301F-11D3-BF4B-00C04F79EFBC}") = "VS.DiffAllFiles.VS2012", "VS.DiffAllFiles.VS2012\VS.DiffAllFiles.VS2012.csproj", "{0EBBE851-C353-4AC6-B021-FC576DDEC4C7}"
EndProject
Global
	GlobalSection(SolutionConfigurationPlatforms) = preSolution
		Debug|Any CPU = Debug|Any CPU
		Release|Any CPU = Release|Any CPU
	EndGlobalSection
	GlobalSection(ProjectConfigurationPlatforms) = postSolution
		{992757D4-23CF-434A-802B-6A615706557C}.Debug|Any CPU.ActiveCfg = Debug|Any CPU
		{992757D4-23CF-434A-802B-6A615706557C}.Debug|Any CPU.Build.0 = Debug|Any CPU
		{992757D4-23CF-434A-802B-6A615706557C}.Release|Any CPU.ActiveCfg = Release|Any CPU
		{992757D4-23CF-434A-802B-6A615706557C}.Release|Any CPU.Build.0 = Release|Any CPU
		{6866E48D-5C77-476B-8CB3-9EAC0CE71BFF}.Debug|Any CPU.ActiveCfg = Debug|Any CPU
		{6866E48D-5C77-476B-8CB3-9EAC0CE71BFF}.Debug|Any CPU.Build.0 = Debug|Any CPU
		{6866E48D-5C77-476B-8CB3-9EAC0CE71BFF}.Release|Any CPU.ActiveCfg = Release|Any CPU
		{6866E48D-5C77-476B-8CB3-9EAC0CE71BFF}.Release|Any CPU.Build.0 = Release|Any CPU
		{0EBBE851-C353-4AC6-B021-FC576DDEC4C7}.Debug|Any CPU.ActiveCfg = Debug|Any CPU
		{0EBBE851-C353-4AC6-B021-FC576DDEC4C7}.Debug|Any CPU.Build.0 = Debug|Any CPU
		{0EBBE851-C353-4AC6-B021-FC576DDEC4C7}.Release|Any CPU.ActiveCfg = Release|Any CPU
		{0EBBE851-C353-4AC6-B021-FC576DDEC4C7}.Release|Any CPU.Build.0 = Release|Any CPU
	EndGlobalSection
	GlobalSection(SolutionProperties) = preSolution
		HideSolutionNode = FALSE
	EndGlobalSection
EndGlobal
